
Microsoft Visual Studio Solution File, Format Version 12.00
Project("{FAE04EC0-301F-11D3-BF4B-00C04F79EFBC}") = "Mission11_Diamond", "Mission11_Diamond\Mission11_Diamond.csproj", "{36075795-6354-45D7-A0A2-05210D1664F5}"
EndProject
Global
	GlobalSection(SolutionConfigurationPlatforms) = preSolution
		Debug|Any CPU = Debug|Any CPU
		Release|Any CPU = Release|Any CPU
	EndGlobalSection
	GlobalSection(ProjectConfigurationPlatforms) = postSolution
		{36075795-6354-45D7-A0A2-05210D1664F5}.Debug|Any CPU.ActiveCfg = Debug|Any CPU
		{36075795-6354-45D7-A0A2-05210D1664F5}.Debug|Any CPU.Build.0 = Debug|Any CPU
		{36075795-6354-45D7-A0A2-05210D1664F5}.Release|Any CPU.ActiveCfg = Release|Any CPU
		{36075795-6354-45D7-A0A2-05210D1664F5}.Release|Any CPU.Build.0 = Release|Any CPU
	EndGlobalSection
EndGlobal
